// !$*UTF8*$!
{
	archiveVersion = 1;
	classes = {
	};
	objectVersion = 46;
	objects = {

/* Begin PBXBuildFile section */
		7606FD001EC9D13B009C1932 /* ContentCollectionReusableView.swift in Sources */ = {isa = PBXBuildFile; fileRef = 7606FCFF1EC9D13B009C1932 /* ContentCollectionReusableView.swift */; };
		76A49EE51EC48F9400382CC3 /* AppDelegate.swift in Sources */ = {isa = PBXBuildFile; fileRef = 76A49EE41EC48F9400382CC3 /* AppDelegate.swift */; };
		76A49EEA1EC48F9400382CC3 /* Main.storyboard in Resources */ = {isa = PBXBuildFile; fileRef = 76A49EE81EC48F9400382CC3 /* Main.storyboard */; };
		76A49EEC1EC48F9400382CC3 /* Assets.xcassets in Resources */ = {isa = PBXBuildFile; fileRef = 76A49EEB1EC48F9400382CC3 /* Assets.xcassets */; };
		76A49EEF1EC48F9400382CC3 /* LaunchScreen.storyboard in Resources */ = {isa = PBXBuildFile; fileRef = 76A49EED1EC48F9400382CC3 /* LaunchScreen.storyboard */; };
		76A49EFA1EC48F9500382CC3 /* JSONPromoTests.swift in Sources */ = {isa = PBXBuildFile; fileRef = 76A49EF91EC48F9500382CC3 /* JSONPromoTests.swift */; };
		76A49F051EC48F9500382CC3 /* JSONPromoUITests.swift in Sources */ = {isa = PBXBuildFile; fileRef = 76A49F041EC48F9500382CC3 /* JSONPromoUITests.swift */; };
		76A49F141EC4920C00382CC3 /* CollectionViewController.swift in Sources */ = {isa = PBXBuildFile; fileRef = 76A49F131EC4920C00382CC3 /* CollectionViewController.swift */; };
		76A49F1D1EC493B100382CC3 /* PairCollectionViewCell.swift in Sources */ = {isa = PBXBuildFile; fileRef = 76A49F1B1EC493B100382CC3 /* PairCollectionViewCell.swift */; };
		76A49F1E1EC493B100382CC3 /* PairCollectionViewCell.xib in Resources */ = {isa = PBXBuildFile; fileRef = 76A49F1C1EC493B100382CC3 /* PairCollectionViewCell.xib */; };
		76A49F251EC497E200382CC3 /* Promo.swift in Sources */ = {isa = PBXBuildFile; fileRef = 76A49F241EC497E200382CC3 /* Promo.swift */; };
		76A49F271EC49D5900382CC3 /* JSONUtils.swift in Sources */ = {isa = PBXBuildFile; fileRef = 76A49F261EC49D5900382CC3 /* JSONUtils.swift */; };
		76A49F291EC4A1F200382CC3 /* bad.json in Resources */ = {isa = PBXBuildFile; fileRef = 76A49F281EC4A1F200382CC3 /* bad.json */; };
		76A49F2B1EC582E200382CC3 /* SingleCollectionViewCell.swift in Sources */ = {isa = PBXBuildFile; fileRef = 76A49F2A1EC582E200382CC3 /* SingleCollectionViewCell.swift */; };
		76A49F2D1EC5AC2D00382CC3 /* HeaderCollectionViewCell.swift in Sources */ = {isa = PBXBuildFile; fileRef = 76A49F2C1EC5AC2D00382CC3 /* HeaderCollectionViewCell.swift */; };
		76A49F2F1EC5C5FA00382CC3 /* SectionHeaderCollectionReusableView.swift in Sources */ = {isa = PBXBuildFile; fileRef = 76A49F2E1EC5C5FA00382CC3 /* SectionHeaderCollectionReusableView.swift */; };
		76A49F321EC7644600382CC3 /* Promotions.swift in Sources */ = {isa = PBXBuildFile; fileRef = 76A49F311EC7644600382CC3 /* Promotions.swift */; };
		76A49F341EC7654400382CC3 /* ContentPromo.swift in Sources */ = {isa = PBXBuildFile; fileRef = 76A49F331EC7654400382CC3 /* ContentPromo.swift */; };
		FFAC73E7E6094CE730A91236 /* Pods_JSONPromo.framework in Frameworks */ = {isa = PBXBuildFile; fileRef = 3E8278F46750E6BBFF96985A /* Pods_JSONPromo.framework */; };
/* End PBXBuildFile section */

/* Begin PBXContainerItemProxy section */
		76A49EF61EC48F9500382CC3 /* PBXContainerItemProxy */ = {
			isa = PBXContainerItemProxy;
			containerPortal = 76A49ED91EC48F9400382CC3 /* Project object */;
			proxyType = 1;
			remoteGlobalIDString = 76A49EE01EC48F9400382CC3;
			remoteInfo = JSONPromo;
		};
		76A49F011EC48F9500382CC3 /* PBXContainerItemProxy */ = {
			isa = PBXContainerItemProxy;
			containerPortal = 76A49ED91EC48F9400382CC3 /* Project object */;
			proxyType = 1;
			remoteGlobalIDString = 76A49EE01EC48F9400382CC3;
			remoteInfo = JSONPromo;
		};
/* End PBXContainerItemProxy section */

/* Begin PBXFileReference section */
		3E8278F46750E6BBFF96985A /* Pods_JSONPromo.framework */ = {isa = PBXFileReference; explicitFileType = wrapper.framework; includeInIndex = 0; path = Pods_JSONPromo.framework; sourceTree = BUILT_PRODUCTS_DIR; };
		7606FCFF1EC9D13B009C1932 /* ContentCollectionReusableView.swift */ = {isa = PBXFileReference; fileEncoding = 4; lastKnownFileType = sourcecode.swift; path = ContentCollectionReusableView.swift; sourceTree = "<group>"; };
		76A49EE11EC48F9400382CC3 /* JSONPromo.app */ = {isa = PBXFileReference; explicitFileType = wrapper.application; includeInIndex = 0; path = JSONPromo.app; sourceTree = BUILT_PRODUCTS_DIR; };
		76A49EE41EC48F9400382CC3 /* AppDelegate.swift */ = {isa = PBXFileReference; lastKnownFileType = sourcecode.swift; path = AppDelegate.swift; sourceTree = "<group>"; };
		76A49EE91EC48F9400382CC3 /* Base */ = {isa = PBXFileReference; lastKnownFileType = file.storyboard; name = Base; path = Base.lproj/Main.storyboard; sourceTree = "<group>"; };
		76A49EEB1EC48F9400382CC3 /* Assets.xcassets */ = {isa = PBXFileReference; lastKnownFileType = folder.assetcatalog; path = Assets.xcassets; sourceTree = "<group>"; };
		76A49EEE1EC48F9400382CC3 /* Base */ = {isa = PBXFileReference; lastKnownFileType = file.storyboard; name = Base; path = Base.lproj/LaunchScreen.storyboard; sourceTree = "<group>"; };
		76A49EF01EC48F9400382CC3 /* Info.plist */ = {isa = PBXFileReference; lastKnownFileType = text.plist.xml; path = Info.plist; sourceTree = "<group>"; };
		76A49EF51EC48F9500382CC3 /* JSONPromoTests.xctest */ = {isa = PBXFileReference; explicitFileType = wrapper.cfbundle; includeInIndex = 0; path = JSONPromoTests.xctest; sourceTree = BUILT_PRODUCTS_DIR; };
		76A49EF91EC48F9500382CC3 /* JSONPromoTests.swift */ = {isa = PBXFileReference; lastKnownFileType = sourcecode.swift; path = JSONPromoTests.swift; sourceTree = "<group>"; };
		76A49EFB1EC48F9500382CC3 /* Info.plist */ = {isa = PBXFileReference; lastKnownFileType = text.plist.xml; path = Info.plist; sourceTree = "<group>"; };
		76A49F001EC48F9500382CC3 /* JSONPromoUITests.xctest */ = {isa = PBXFileReference; explicitFileType = wrapper.cfbundle; includeInIndex = 0; path = JSONPromoUITests.xctest; sourceTree = BUILT_PRODUCTS_DIR; };
		76A49F041EC48F9500382CC3 /* JSONPromoUITests.swift */ = {isa = PBXFileReference; lastKnownFileType = sourcecode.swift; path = JSONPromoUITests.swift; sourceTree = "<group>"; };
		76A49F061EC48F9500382CC3 /* Info.plist */ = {isa = PBXFileReference; lastKnownFileType = text.plist.xml; path = Info.plist; sourceTree = "<group>"; };
		76A49F121EC4903D00382CC3 /* jsonParse.playground */ = {isa = PBXFileReference; lastKnownFileType = file.playground; path = jsonParse.playground; sourceTree = "<group>"; };
		76A49F131EC4920C00382CC3 /* CollectionViewController.swift */ = {isa = PBXFileReference; fileEncoding = 4; lastKnownFileType = sourcecode.swift; path = CollectionViewController.swift; sourceTree = "<group>"; };
		76A49F1B1EC493B100382CC3 /* PairCollectionViewCell.swift */ = {isa = PBXFileReference; fileEncoding = 4; lastKnownFileType = sourcecode.swift; path = PairCollectionViewCell.swift; sourceTree = "<group>"; };
		76A49F1C1EC493B100382CC3 /* PairCollectionViewCell.xib */ = {isa = PBXFileReference; fileEncoding = 4; lastKnownFileType = file.xib; path = PairCollectionViewCell.xib; sourceTree = "<group>"; };
		76A49F241EC497E200382CC3 /* Promo.swift */ = {isa = PBXFileReference; fileEncoding = 4; lastKnownFileType = sourcecode.swift; path = Promo.swift; sourceTree = "<group>"; };
		76A49F261EC49D5900382CC3 /* JSONUtils.swift */ = {isa = PBXFileReference; fileEncoding = 4; lastKnownFileType = sourcecode.swift; path = JSONUtils.swift; sourceTree = "<group>"; };
		76A49F281EC4A1F200382CC3 /* bad.json */ = {isa = PBXFileReference; fileEncoding = 4; lastKnownFileType = text.json; path = bad.json; sourceTree = "<group>"; };
		76A49F2A1EC582E200382CC3 /* SingleCollectionViewCell.swift */ = {isa = PBXFileReference; fileEncoding = 4; lastKnownFileType = sourcecode.swift; path = SingleCollectionViewCell.swift; sourceTree = "<group>"; };
		76A49F2C1EC5AC2D00382CC3 /* HeaderCollectionViewCell.swift */ = {isa = PBXFileReference; fileEncoding = 4; lastKnownFileType = sourcecode.swift; path = HeaderCollectionViewCell.swift; sourceTree = "<group>"; };
		76A49F2E1EC5C5FA00382CC3 /* SectionHeaderCollectionReusableView.swift */ = {isa = PBXFileReference; fileEncoding = 4; lastKnownFileType = sourcecode.swift; path = SectionHeaderCollectionReusableView.swift; sourceTree = "<group>"; };
		76A49F311EC7644600382CC3 /* Promotions.swift */ = {isa = PBXFileReference; fileEncoding = 4; lastKnownFileType = sourcecode.swift; path = Promotions.swift; sourceTree = "<group>"; };
		76A49F331EC7654400382CC3 /* ContentPromo.swift */ = {isa = PBXFileReference; fileEncoding = 4; lastKnownFileType = sourcecode.swift; path = ContentPromo.swift; sourceTree = "<group>"; };
		EBC026A4B1AA32DF1426F1FA /* Pods-JSONPromo.release.xcconfig */ = {isa = PBXFileReference; includeInIndex = 1; lastKnownFileType = text.xcconfig; name = "Pods-JSONPromo.release.xcconfig"; path = "Pods/Target Support Files/Pods-JSONPromo/Pods-JSONPromo.release.xcconfig"; sourceTree = "<group>"; };
		EE1FA59A42AD3AE7BDA76D3E /* Pods-JSONPromo.debug.xcconfig */ = {isa = PBXFileReference; includeInIndex = 1; lastKnownFileType = text.xcconfig; name = "Pods-JSONPromo.debug.xcconfig"; path = "Pods/Target Support Files/Pods-JSONPromo/Pods-JSONPromo.debug.xcconfig"; sourceTree = "<group>"; };
/* End PBXFileReference section */

/* Begin PBXFrameworksBuildPhase section */
		76A49EDE1EC48F9400382CC3 /* Frameworks */ = {
			isa = PBXFrameworksBuildPhase;
			buildActionMask = 2147483647;
			files = (
				FFAC73E7E6094CE730A91236 /* Pods_JSONPromo.framework in Frameworks */,
			);
			runOnlyForDeploymentPostprocessing = 0;
		};
		76A49EF21EC48F9500382CC3 /* Frameworks */ = {
			isa = PBXFrameworksBuildPhase;
			buildActionMask = 2147483647;
			files = (
			);
			runOnlyForDeploymentPostprocessing = 0;
		};
		76A49EFD1EC48F9500382CC3 /* Frameworks */ = {
			isa = PBXFrameworksBuildPhase;
			buildActionMask = 2147483647;
			files = (
			);
			runOnlyForDeploymentPostprocessing = 0;
		};
/* End PBXFrameworksBuildPhase section */

/* Begin PBXGroup section */
		48D0EBAC75C840DF3282B24A /* Frameworks */ = {
			isa = PBXGroup;
			children = (
				3E8278F46750E6BBFF96985A /* Pods_JSONPromo.framework */,
			);
			name = Frameworks;
			sourceTree = "<group>";
		};
		76A49ED81EC48F9400382CC3 = {
			isa = PBXGroup;
			children = (
				76A49F121EC4903D00382CC3 /* jsonParse.playground */,
				76A49EE31EC48F9400382CC3 /* JSONPromo */,
				76A49EF81EC48F9500382CC3 /* JSONPromoTests */,
				76A49F031EC48F9500382CC3 /* JSONPromoUITests */,
				76A49EE21EC48F9400382CC3 /* Products */,
				8EFE6CF1223C8DD0690E8EBC /* Pods */,
				48D0EBAC75C840DF3282B24A /* Frameworks */,
			);
			sourceTree = "<group>";
		};
		76A49EE21EC48F9400382CC3 /* Products */ = {
			isa = PBXGroup;
			children = (
				76A49EE11EC48F9400382CC3 /* JSONPromo.app */,
				76A49EF51EC48F9500382CC3 /* JSONPromoTests.xctest */,
				76A49F001EC48F9500382CC3 /* JSONPromoUITests.xctest */,
			);
			name = Products;
			sourceTree = "<group>";
		};
		76A49EE31EC48F9400382CC3 /* JSONPromo */ = {
			isa = PBXGroup;
			children = (
				76A49F1F1EC4975E00382CC3 /* Application */,
				76A49F201EC4976700382CC3 /* Viewcontrollers */,
				76A49F221EC4979600382CC3 /* Services */,
				76A49F231EC497C200382CC3 /* Models */,
				76A49F301EC763F000382CC3 /* Resources */,
			);
			path = JSONPromo;
			sourceTree = "<group>";
		};
		76A49EF81EC48F9500382CC3 /* JSONPromoTests */ = {
			isa = PBXGroup;
			children = (
				76A49EF91EC48F9500382CC3 /* JSONPromoTests.swift */,
				76A49EFB1EC48F9500382CC3 /* Info.plist */,
			);
			path = JSONPromoTests;
			sourceTree = "<group>";
		};
		76A49F031EC48F9500382CC3 /* JSONPromoUITests */ = {
			isa = PBXGroup;
			children = (
				76A49F041EC48F9500382CC3 /* JSONPromoUITests.swift */,
				76A49F061EC48F9500382CC3 /* Info.plist */,
			);
			path = JSONPromoUITests;
			sourceTree = "<group>";
		};
		76A49F1F1EC4975E00382CC3 /* Application */ = {
			isa = PBXGroup;
			children = (
				76A49EE41EC48F9400382CC3 /* AppDelegate.swift */,
				76A49EF01EC48F9400382CC3 /* Info.plist */,
			);
			name = Application;
			sourceTree = "<group>";
		};
		76A49F201EC4976700382CC3 /* Viewcontrollers */ = {
			isa = PBXGroup;
			children = (
				76A49F211EC4978A00382CC3 /* Cells */,
				76A49F131EC4920C00382CC3 /* CollectionViewController.swift */,
				76A49EE81EC48F9400382CC3 /* Main.storyboard */,
				76A49EED1EC48F9400382CC3 /* LaunchScreen.storyboard */,
			);
			name = Viewcontrollers;
			sourceTree = "<group>";
		};
		76A49F211EC4978A00382CC3 /* Cells */ = {
			isa = PBXGroup;
			children = (
				76A49F1B1EC493B100382CC3 /* PairCollectionViewCell.swift */,
				76A49F1C1EC493B100382CC3 /* PairCollectionViewCell.xib */,
				76A49F2A1EC582E200382CC3 /* SingleCollectionViewCell.swift */,
				76A49F2C1EC5AC2D00382CC3 /* HeaderCollectionViewCell.swift */,
				76A49F2E1EC5C5FA00382CC3 /* SectionHeaderCollectionReusableView.swift */,
				7606FCFF1EC9D13B009C1932 /* ContentCollectionReusableView.swift */,
			);
			name = Cells;
			sourceTree = "<group>";
		};
		76A49F221EC4979600382CC3 /* Services */ = {
			isa = PBXGroup;
			children = (
				76A49F261EC49D5900382CC3 /* JSONUtils.swift */,
			);
			name = Services;
			sourceTree = "<group>";
		};
		76A49F231EC497C200382CC3 /* Models */ = {
			isa = PBXGroup;
			children = (
				76A49F241EC497E200382CC3 /* Promo.swift */,
				76A49F311EC7644600382CC3 /* Promotions.swift */,
				76A49F331EC7654400382CC3 /* ContentPromo.swift */,
			);
			name = Models;
			sourceTree = "<group>";
		};
		76A49F301EC763F000382CC3 /* Resources */ = {
			isa = PBXGroup;
			children = (
				76A49EEB1EC48F9400382CC3 /* Assets.xcassets */,
				76A49F281EC4A1F200382CC3 /* bad.json */,
			);
			name = Resources;
			sourceTree = "<group>";
		};
		8EFE6CF1223C8DD0690E8EBC /* Pods */ = {
			isa = PBXGroup;
			children = (
				EE1FA59A42AD3AE7BDA76D3E /* Pods-JSONPromo.debug.xcconfig */,
				EBC026A4B1AA32DF1426F1FA /* Pods-JSONPromo.release.xcconfig */,
			);
			name = Pods;
			sourceTree = "<group>";
		};
/* End PBXGroup section */

/* Begin PBXNativeTarget section */
		76A49EE01EC48F9400382CC3 /* JSONPromo */ = {
			isa = PBXNativeTarget;
			buildConfigurationList = 76A49F091EC48F9500382CC3 /* Build configuration list for PBXNativeTarget "JSONPromo" */;
			buildPhases = (
				6F190D5D365BB90E77FE9DC9 /* [CP] Check Pods Manifest.lock */,
				76A49EDD1EC48F9400382CC3 /* Sources */,
				76A49EDE1EC48F9400382CC3 /* Frameworks */,
				76A49EDF1EC48F9400382CC3 /* Resources */,
				4A088740BE742ED5AD5D6AFF /* [CP] Embed Pods Frameworks */,
				8411DF29180CB47075A32DB8 /* [CP] Copy Pods Resources */,
			);
			buildRules = (
			);
			dependencies = (
			);
			name = JSONPromo;
			productName = JSONPromo;
			productReference = 76A49EE11EC48F9400382CC3 /* JSONPromo.app */;
			productType = "com.apple.product-type.application";
		};
		76A49EF41EC48F9500382CC3 /* JSONPromoTests */ = {
			isa = PBXNativeTarget;
			buildConfigurationList = 76A49F0C1EC48F9500382CC3 /* Build configuration list for PBXNativeTarget "JSONPromoTests" */;
			buildPhases = (
				76A49EF11EC48F9500382CC3 /* Sources */,
				76A49EF21EC48F9500382CC3 /* Frameworks */,
				76A49EF31EC48F9500382CC3 /* Resources */,
			);
			buildRules = (
			);
			dependencies = (
				76A49EF71EC48F9500382CC3 /* PBXTargetDependency */,
			);
			name = JSONPromoTests;
			productName = JSONPromoTests;
			productReference = 76A49EF51EC48F9500382CC3 /* JSONPromoTests.xctest */;
			productType = "com.apple.product-type.bundle.unit-test";
		};
		76A49EFF1EC48F9500382CC3 /* JSONPromoUITests */ = {
			isa = PBXNativeTarget;
			buildConfigurationList = 76A49F0F1EC48F9500382CC3 /* Build configuration list for PBXNativeTarget "JSONPromoUITests" */;
			buildPhases = (
				76A49EFC1EC48F9500382CC3 /* Sources */,
				76A49EFD1EC48F9500382CC3 /* Frameworks */,
				76A49EFE1EC48F9500382CC3 /* Resources */,
			);
			buildRules = (
			);
			dependencies = (
				76A49F021EC48F9500382CC3 /* PBXTargetDependency */,
			);
			name = JSONPromoUITests;
			productName = JSONPromoUITests;
			productReference = 76A49F001EC48F9500382CC3 /* JSONPromoUITests.xctest */;
			productType = "com.apple.product-type.bundle.ui-testing";
		};
/* End PBXNativeTarget section */

/* Begin PBXProject section */
		76A49ED91EC48F9400382CC3 /* Project object */ = {
			isa = PBXProject;
			attributes = {
				LastSwiftUpdateCheck = 0830;
				LastUpgradeCheck = 0830;
				ORGANIZATIONNAME = "Vladislav Dorfman";
				TargetAttributes = {
					76A49EE01EC48F9400382CC3 = {
						CreatedOnToolsVersion = 8.3.2;
						DevelopmentTeam = JM5GZMKUEC;
						ProvisioningStyle = Automatic;
					};
					76A49EF41EC48F9500382CC3 = {
						CreatedOnToolsVersion = 8.3.2;
						DevelopmentTeam = JM5GZMKUEC;
						ProvisioningStyle = Automatic;
						TestTargetID = 76A49EE01EC48F9400382CC3;
					};
					76A49EFF1EC48F9500382CC3 = {
						CreatedOnToolsVersion = 8.3.2;
						DevelopmentTeam = JM5GZMKUEC;
						ProvisioningStyle = Automatic;
						TestTargetID = 76A49EE01EC48F9400382CC3;
					};
				};
			};
			buildConfigurationList = 76A49EDC1EC48F9400382CC3 /* Build configuration list for PBXProject "JSONPromo" */;
			compatibilityVersion = "Xcode 3.2";
			developmentRegion = English;
			hasScannedForEncodings = 0;
			knownRegions = (
				en,
				Base,
			);
			mainGroup = 76A49ED81EC48F9400382CC3;
			productRefGroup = 76A49EE21EC48F9400382CC3 /* Products */;
			projectDirPath = "";
			projectRoot = "";
			targets = (
				76A49EE01EC48F9400382CC3 /* JSONPromo */,
				76A49EF41EC48F9500382CC3 /* JSONPromoTests */,
				76A49EFF1EC48F9500382CC3 /* JSONPromoUITests */,
			);
		};
/* End PBXProject section */

/* Begin PBXResourcesBuildPhase section */
		76A49EDF1EC48F9400382CC3 /* Resources */ = {
			isa = PBXResourcesBuildPhase;
			buildActionMask = 2147483647;
			files = (
				76A49EEF1EC48F9400382CC3 /* LaunchScreen.storyboard in Resources */,
				76A49EEC1EC48F9400382CC3 /* Assets.xcassets in Resources */,
				76A49F1E1EC493B100382CC3 /* PairCollectionViewCell.xib in Resources */,
				76A49F291EC4A1F200382CC3 /* bad.json in Resources */,
				76A49EEA1EC48F9400382CC3 /* Main.storyboard in Resources */,
			);
			runOnlyForDeploymentPostprocessing = 0;
		};
		76A49EF31EC48F9500382CC3 /* Resources */ = {
			isa = PBXResourcesBuildPhase;
			buildActionMask = 2147483647;
			files = (
			);
			runOnlyForDeploymentPostprocessing = 0;
		};
		76A49EFE1EC48F9500382CC3 /* Resources */ = {
			isa = PBXResourcesBuildPhase;
			buildActionMask = 2147483647;
			files = (
			);
			runOnlyForDeploymentPostprocessing = 0;
		};
/* End PBXResourcesBuildPhase section */

/* Begin PBXShellScriptBuildPhase section */
		4A088740BE742ED5AD5D6AFF /* [CP] Embed Pods Frameworks */ = {
			isa = PBXShellScriptBuildPhase;
			buildActionMask = 2147483647;
			files = (
			);
			inputPaths = (
			);
			name = "[CP] Embed Pods Frameworks";
			outputPaths = (
			);
			runOnlyForDeploymentPostprocessing = 0;
			shellPath = /bin/sh;
			shellScript = "\"${SRCROOT}/Pods/Target Support Files/Pods-JSONPromo/Pods-JSONPromo-frameworks.sh\"\n";
			showEnvVarsInLog = 0;
		};
		6F190D5D365BB90E77FE9DC9 /* [CP] Check Pods Manifest.lock */ = {
			isa = PBXShellScriptBuildPhase;
			buildActionMask = 2147483647;
			files = (
			);
			inputPaths = (
			);
			name = "[CP] Check Pods Manifest.lock";
			outputPaths = (
			);
			runOnlyForDeploymentPostprocessing = 0;
			shellPath = /bin/sh;
			shellScript = "diff \"${PODS_ROOT}/../Podfile.lock\" \"${PODS_ROOT}/Manifest.lock\" > /dev/null\nif [ $? != 0 ] ; then\n    # print error to STDERR\n    echo \"error: The sandbox is not in sync with the Podfile.lock. Run 'pod install' or update your CocoaPods installation.\" >&2\n    exit 1\nfi\n";
			showEnvVarsInLog = 0;
		};
		8411DF29180CB47075A32DB8 /* [CP] Copy Pods Resources */ = {
			isa = PBXShellScriptBuildPhase;
			buildActionMask = 2147483647;
			files = (
			);
			inputPaths = (
			);
			name = "[CP] Copy Pods Resources";
			outputPaths = (
			);
			runOnlyForDeploymentPostprocessing = 0;
			shellPath = /bin/sh;
			shellScript = "\"${SRCROOT}/Pods/Target Support Files/Pods-JSONPromo/Pods-JSONPromo-resources.sh\"\n";
			showEnvVarsInLog = 0;
		};
/* End PBXShellScriptBuildPhase section */

/* Begin PBXSourcesBuildPhase section */
		76A49EDD1EC48F9400382CC3 /* Sources */ = {
			isa = PBXSourcesBuildPhase;
			buildActionMask = 2147483647;
			files = (
				76A49F2B1EC582E200382CC3 /* SingleCollectionViewCell.swift in Sources */,
				76A49F271EC49D5900382CC3 /* JSONUtils.swift in Sources */,
				76A49F141EC4920C00382CC3 /* CollectionViewController.swift in Sources */,
				76A49F321EC7644600382CC3 /* Promotions.swift in Sources */,
				7606FD001EC9D13B009C1932 /* ContentCollectionReusableView.swift in Sources */,
				76A49F2D1EC5AC2D00382CC3 /* HeaderCollectionViewCell.swift in Sources */,
				76A49F341EC7654400382CC3 /* ContentPromo.swift in Sources */,
				76A49F2F1EC5C5FA00382CC3 /* SectionHeaderCollectionReusableView.swift in Sources */,
				76A49F1D1EC493B100382CC3 /* PairCollectionViewCell.swift in Sources */,
				76A49EE51EC48F9400382CC3 /* AppDelegate.swift in Sources */,
				76A49F251EC497E200382CC3 /* Promo.swift in Sources */,
			);
			runOnlyForDeploymentPostprocessing = 0;
		};
		76A49EF11EC48F9500382CC3 /* Sources */ = {
			isa = PBXSourcesBuildPhase;
			buildActionMask = 2147483647;
			files = (
				76A49EFA1EC48F9500382CC3 /* JSONPromoTests.swift in Sources */,
			);
			runOnlyForDeploymentPostprocessing = 0;
		};
		76A49EFC1EC48F9500382CC3 /* Sources */ = {
			isa = PBXSourcesBuildPhase;
			buildActionMask = 2147483647;
			files = (
				76A49F051EC48F9500382CC3 /* JSONPromoUITests.swift in Sources */,
			);
			runOnlyForDeploymentPostprocessing = 0;
		};
/* End PBXSourcesBuildPhase section */

/* Begin PBXTargetDependency section */
		76A49EF71EC48F9500382CC3 /* PBXTargetDependency */ = {
			isa = PBXTargetDependency;
			target = 76A49EE01EC48F9400382CC3 /* JSONPromo */;
			targetProxy = 76A49EF61EC48F9500382CC3 /* PBXContainerItemProxy */;
		};
		76A49F021EC48F9500382CC3 /* PBXTargetDependency */ = {
			isa = PBXTargetDependency;
			target = 76A49EE01EC48F9400382CC3 /* JSONPromo */;
			targetProxy = 76A49F011EC48F9500382CC3 /* PBXContainerItemProxy */;
		};
/* End PBXTargetDependency section */

/* Begin PBXVariantGroup section */
		76A49EE81EC48F9400382CC3 /* Main.storyboard */ = {
			isa = PBXVariantGroup;
			children = (
				76A49EE91EC48F9400382CC3 /* Base */,
			);
			name = Main.storyboard;
			sourceTree = "<group>";
		};
		76A49EED1EC48F9400382CC3 /* LaunchScreen.storyboard */ = {
			isa = PBXVariantGroup;
			children = (
				76A49EEE1EC48F9400382CC3 /* Base */,
			);
			name = LaunchScreen.storyboard;
			sourceTree = "<group>";
		};
/* End PBXVariantGroup section */

/* Begin XCBuildConfiguration section */
		76A49F071EC48F9500382CC3 /* Debug */ = {
			isa = XCBuildConfiguration;
			buildSettings = {
				ALWAYS_SEARCH_USER_PATHS = NO;
				CLANG_ANALYZER_NONNULL = YES;
				CLANG_ANALYZER_NUMBER_OBJECT_CONVERSION = YES_AGGRESSIVE;
				CLANG_CXX_LANGUAGE_STANDARD = "gnu++0x";
				CLANG_CXX_LIBRARY = "libc++";
				CLANG_ENABLE_MODULES = YES;
				CLANG_ENABLE_OBJC_ARC = YES;
				CLANG_WARN_BOOL_CONVERSION = YES;
				CLANG_WARN_CONSTANT_CONVERSION = YES;
				CLANG_WARN_DIRECT_OBJC_ISA_USAGE = YES_ERROR;
				CLANG_WARN_DOCUMENTATION_COMMENTS = YES;
				CLANG_WARN_EMPTY_BODY = YES;
				CLANG_WARN_ENUM_CONVERSION = YES;
				CLANG_WARN_INFINITE_RECURSION = YES;
				CLANG_WARN_INT_CONVERSION = YES;
				CLANG_WARN_OBJC_ROOT_CLASS = YES_ERROR;
				CLANG_WARN_SUSPICIOUS_MOVE = YES;
				CLANG_WARN_UNREACHABLE_CODE = YES;
				CLANG_WARN__DUPLICATE_METHOD_MATCH = YES;
				"CODE_SIGN_IDENTITY[sdk=iphoneos*]" = "iPhone Developer";
				COPY_PHASE_STRIP = NO;
				DEBUG_INFORMATION_FORMAT = dwarf;
				ENABLE_STRICT_OBJC_MSGSEND = YES;
				ENABLE_TESTABILITY = YES;
				GCC_C_LANGUAGE_STANDARD = gnu99;
				GCC_DYNAMIC_NO_PIC = NO;
				GCC_NO_COMMON_BLOCKS = YES;
				GCC_OPTIMIZATION_LEVEL = 0;
				GCC_PREPROCESSOR_DEFINITIONS = (
					"DEBUG=1",
					"$(inherited)",
				);
				GCC_WARN_64_TO_32_BIT_CONVERSION = YES;
				GCC_WARN_ABOUT_RETURN_TYPE = YES_ERROR;
				GCC_WARN_UNDECLARED_SELECTOR = YES;
				GCC_WARN_UNINITIALIZED_AUTOS = YES_AGGRESSIVE;
				GCC_WARN_UNUSED_FUNCTION = YES;
				GCC_WARN_UNUSED_VARIABLE = YES;
				IPHONEOS_DEPLOYMENT_TARGET = 10.3;
				MTL_ENABLE_DEBUG_INFO = YES;
				ONLY_ACTIVE_ARCH = YES;
				SDKROOT = iphoneos;
				SWIFT_ACTIVE_COMPILATION_CONDITIONS = DEBUG;
				SWIFT_OPTIMIZATION_LEVEL = "-Onone";
				TARGETED_DEVICE_FAMILY = "1,2";
			};
			name = Debug;
		};
		76A49F081EC48F9500382CC3 /* Release */ = {
			isa = XCBuildConfiguration;
			buildSettings = {
				ALWAYS_SEARCH_USER_PATHS = NO;
				CLANG_ANALYZER_NONNULL = YES;
				CLANG_ANALYZER_NUMBER_OBJECT_CONVERSION = YES_AGGRESSIVE;
				CLANG_CXX_LANGUAGE_STANDARD = "gnu++0x";
				CLANG_CXX_LIBRARY = "libc++";
				CLANG_ENABLE_MODULES = YES;
				CLANG_ENABLE_OBJC_ARC = YES;
				CLANG_WARN_BOOL_CONVERSION = YES;
				CLANG_WARN_CONSTANT_CONVERSION = YES;
				CLANG_WARN_DIRECT_OBJC_ISA_USAGE = YES_ERROR;
				CLANG_WARN_DOCUMENTATION_COMMENTS = YES;
				CLANG_WARN_EMPTY_BODY = YES;
				CLANG_WARN_ENUM_CONVERSION = YES;
				CLANG_WARN_INFINITE_RECURSION = YES;
				CLANG_WARN_INT_CONVERSION = YES;
				CLANG_WARN_OBJC_ROOT_CLASS = YES_ERROR;
				CLANG_WARN_SUSPICIOUS_MOVE = YES;
				CLANG_WARN_UNREACHABLE_CODE = YES;
				CLANG_WARN__DUPLICATE_METHOD_MATCH = YES;
				"CODE_SIGN_IDENTITY[sdk=iphoneos*]" = "iPhone Developer";
				COPY_PHASE_STRIP = NO;
				DEBUG_INFORMATION_FORMAT = "dwarf-with-dsym";
				ENABLE_NS_ASSERTIONS = NO;
				ENABLE_STRICT_OBJC_MSGSEND = YES;
				GCC_C_LANGUAGE_STANDARD = gnu99;
				GCC_NO_COMMON_BLOCKS = YES;
				GCC_WARN_64_TO_32_BIT_CONVERSION = YES;
				GCC_WARN_ABOUT_RETURN_TYPE = YES_ERROR;
				GCC_WARN_UNDECLARED_SELECTOR = YES;
				GCC_WARN_UNINITIALIZED_AUTOS = YES_AGGRESSIVE;
				GCC_WARN_UNUSED_FUNCTION = YES;
				GCC_WARN_UNUSED_VARIABLE = YES;
				IPHONEOS_DEPLOYMENT_TARGET = 10.3;
				MTL_ENABLE_DEBUG_INFO = NO;
				SDKROOT = iphoneos;
				SWIFT_OPTIMIZATION_LEVEL = "-Owholemodule";
				TARGETED_DEVICE_FAMILY = "1,2";
				VALIDATE_PRODUCT = YES;
			};
			name = Release;
		};
		76A49F0A1EC48F9500382CC3 /* Debug */ = {
			isa = XCBuildConfiguration;
			baseConfigurationReference = EE1FA59A42AD3AE7BDA76D3E /* Pods-JSONPromo.debug.xcconfig */;
			buildSettings = {
				ASSETCATALOG_COMPILER_APPICON_NAME = AppIcon;
				DEVELOPMENT_TEAM = JM5GZMKUEC;
				INFOPLIST_FILE = JSONPromo/Info.plist;
				IPHONEOS_DEPLOYMENT_TARGET = 9.0;
				LD_RUNPATH_SEARCH_PATHS = "$(inherited) @executable_path/Frameworks";
				PRODUCT_BUNDLE_IDENTIFIER = com.fresheggs.JSONPromo;
				PRODUCT_NAME = "$(TARGET_NAME)";
				SWIFT_VERSION = 3.0;
			};
			name = Debug;
		};
		76A49F0B1EC48F9500382CC3 /* Release */ = {
			isa = XCBuildConfiguration;
			baseConfigurationReference = EBC026A4B1AA32DF1426F1FA /* Pods-JSONPromo.release.xcconfig */;
			buildSettings = {
				ASSETCATALOG_COMPILER_APPICON_NAME = AppIcon;
				DEVELOPMENT_TEAM = JM5GZMKUEC;
				INFOPLIST_FILE = JSONPromo/Info.plist;
				IPHONEOS_DEPLOYMENT_TARGET = 9.0;
				LD_RUNPATH_SEARCH_PATHS = "$(inherited) @executable_path/Frameworks";
				PRODUCT_BUNDLE_IDENTIFIER = com.fresheggs.JSONPromo;
				PRODUCT_NAME = "$(TARGET_NAME)";
				SWIFT_VERSION = 3.0;
			};
			name = Release;
		};
		76A49F0D1EC48F9500382CC3 /* Debug */ = {
			isa = XCBuildConfiguration;
			buildSettings = {
				ALWAYS_EMBED_SWIFT_STANDARD_LIBRARIES = YES;
				BUNDLE_LOADER = "$(TEST_HOST)";
				DEVELOPMENT_TEAM = JM5GZMKUEC;
				INFOPLIST_FILE = JSONPromoTests/Info.plist;
				LD_RUNPATH_SEARCH_PATHS = "$(inherited) @executable_path/Frameworks @loader_path/Frameworks";
				PRODUCT_BUNDLE_IDENTIFIER = com.fresheggs.JSONPromoTests;
				PRODUCT_NAME = "$(TARGET_NAME)";
				SWIFT_VERSION = 3.0;
				TEST_HOST = "$(BUILT_PRODUCTS_DIR)/JSONPromo.app/JSONPromo";
			};
			name = Debug;
		};
		76A49F0E1EC48F9500382CC3 /* Release */ = {
			isa = XCBuildConfiguration;
			buildSettings = {
				ALWAYS_EMBED_SWIFT_STANDARD_LIBRARIES = YES;
				BUNDLE_LOADER = "$(TEST_HOST)";
				DEVELOPMENT_TEAM = JM5GZMKUEC;
				INFOPLIST_FILE = JSONPromoTests/Info.plist;
				LD_RUNPATH_SEARCH_PATHS = "$(inherited) @executable_path/Frameworks @loader_path/Frameworks";
				PRODUCT_BUNDLE_IDENTIFIER = com.fresheggs.JSONPromoTests;
				PRODUCT_NAME = "$(TARGET_NAME)";
				SWIFT_VERSION = 3.0;
				TEST_HOST = "$(BUILT_PRODUCTS_DIR)/JSONPromo.app/JSONPromo";
			};
			name = Release;
		};
		76A49F101EC48F9500382CC3 /* Debug */ = {
			isa = XCBuildConfiguration;
			buildSettings = {
				ALWAYS_EMBED_SWIFT_STANDARD_LIBRARIES = YES;
				DEVELOPMENT_TEAM = JM5GZMKUEC;
				INFOPLIST_FILE = JSONPromoUITests/Info.plist;
				LD_RUNPATH_SEARCH_PATHS = "$(inherited) @executable_path/Frameworks @loader_path/Frameworks";
				PRODUCT_BUNDLE_IDENTIFIER = com.fresheggs.JSONPromoUITests;
				PRODUCT_NAME = "$(TARGET_NAME)";
				SWIFT_VERSION = 3.0;
				TEST_TARGET_NAME = JSONPromo;
			};
			name = Debug;
		};
		76A49F111EC48F9500382CC3 /* Release */ = {
			isa = XCBuildConfiguration;
			buildSettings = {
				ALWAYS_EMBED_SWIFT_STANDARD_LIBRARIES = YES;
				DEVELOPMENT_TEAM = JM5GZMKUEC;
				INFOPLIST_FILE = JSONPromoUITests/Info.plist;
				LD_RUNPATH_SEARCH_PATHS = "$(inherited) @executable_path/Frameworks @loader_path/Frameworks";
				PRODUCT_BUNDLE_IDENTIFIER = com.fresheggs.JSONPromoUITests;
				PRODUCT_NAME = "$(TARGET_NAME)";
				SWIFT_VERSION = 3.0;
				TEST_TARGET_NAME = JSONPromo;
			};
			name = Release;
		};
/* End XCBuildConfiguration section */

/* Begin XCConfigurationList section */
		76A49EDC1EC48F9400382CC3 /* Build configuration list for PBXProject "JSONPromo" */ = {
			isa = XCConfigurationList;
			buildConfigurations = (
				76A49F071EC48F9500382CC3 /* Debug */,
				76A49F081EC48F9500382CC3 /* Release */,
			);
			defaultConfigurationIsVisible = 0;
			defaultConfigurationName = Release;
		};
		76A49F091EC48F9500382CC3 /* Build configuration list for PBXNativeTarget "JSONPromo" */ = {
			isa = XCConfigurationList;
			buildConfigurations = (
				76A49F0A1EC48F9500382CC3 /* Debug */,
				76A49F0B1EC48F9500382CC3 /* Release */,
			);
			defaultConfigurationIsVisible = 0;
			defaultConfigurationName = Release;
		};
		76A49F0C1EC48F9500382CC3 /* Build configuration list for PBXNativeTarget "JSONPromoTests" */ = {
			isa = XCConfigurationList;
			buildConfigurations = (
				76A49F0D1EC48F9500382CC3 /* Debug */,
				76A49F0E1EC48F9500382CC3 /* Release */,
			);
			defaultConfigurationIsVisible = 0;
			defaultConfigurationName = Release;
		};
		76A49F0F1EC48F9500382CC3 /* Build configuration list for PBXNativeTarget "JSONPromoUITests" */ = {
			isa = XCConfigurationList;
			buildConfigurations = (
				76A49F101EC48F9500382CC3 /* Debug */,
				76A49F111EC48F9500382CC3 /* Release */,
			);
			defaultConfigurationIsVisible = 0;
			defaultConfigurationName = Release;
		};
/* End XCConfigurationList section */
	};
	rootObject = 76A49ED91EC48F9400382CC3 /* Project object */;
}
